# This file is automatically @generated by Cargo.
# It is not intended for manual editing.
version = 4

[[package]]
name = "anyhow"
version = "1.0.102"
source = "registry+https://github.com/rust-lang/crates.io-index"
checksum = "7f202df86484c868dbad7eaa557ef785d5c66295e41b460ef922eca0723b842c"

[[package]]
name = "evalexpr"
version = "13.1.0"
source = "registry+https://github.com/rust-lang/crates.io-index"
checksum = "25929004897f2bbab309121a60400d36992f6d911d09baa6c172f6cc55706601"

[[package]]
name = "helios-python-wasi"
version = "0.1.0"
dependencies = [
 "anyhow",
 "evalexpr",
]
